
Microsoft Visual Studio Solution File, Format Version 12.00
# Visual Studio Version 17
VisualStudioVersion = 17.6.33723.286
MinimumVisualStudioVersion = 10.0.40219.1
Project("{9A19103F-16F7-4668-BE54-9A1E7A4F7556}") = "MyApplication", "MyApplication\MyApplication.csproj", "{FC0BD15A-D3B2-4699-AC89-208DDD591E90}"
EndProject
Project("{FAE04EC0-301F-11D3-BF4B-00C04F79EFBC}") = "MyApplication.Consola", "MyApplication.Consola\MyApplication.Consola.csproj", "{2BC42B93-DDE3-4F58-AE9F-81879099D102}"
EndProject
Global
	GlobalSection(SolutionConfigurationPlatforms) = preSolution
		Debug|Any CPU = Debug|Any CPU
		Release|Any CPU = Release|Any CPU
	EndGlobalSection
	GlobalSection(ProjectConfigurationPlatforms) = postSolution
		{FC0BD15A-D3B2-4699-AC89-208DDD591E90}.Debug|Any CPU.ActiveCfg = Debug|Any CPU
		{FC0BD15A-D3B2-4699-AC89-208DDD591E90}.Debug|Any CPU.Build.0 = Debug|Any CPU
		{FC0BD15A-D3B2-4699-AC89-208DDD591E90}.Release|Any CPU.ActiveCfg = Release|Any CPU
		{FC0BD15A-D3B2-4699-AC89-208DDD591E90}.Release|Any CPU.Build.0 = Release|Any CPU
		{2BC42B93-DDE3-4F58-AE9F-81879099D102}.Debug|Any CPU.ActiveCfg = Debug|Any CPU
		{2BC42B93-DDE3-4F58-AE9F-81879099D102}.Debug|Any CPU.Build.0 = Debug|Any CPU
		{2BC42B93-DDE3-4F58-AE9F-81879099D102}.Release|Any CPU.ActiveCfg = Release|Any CPU
		{2BC42B93-DDE3-4F58-AE9F-81879099D102}.Release|Any CPU.Build.0 = Release|Any CPU
	EndGlobalSection
	GlobalSection(SolutionProperties) = preSolution
		HideSolutionNode = FALSE
	EndGlobalSection
	GlobalSection(ExtensibilityGlobals) = postSolution
		SolutionGuid = {B5271E0A-A1E3-439D-BE1B-CEADC38F36D7}
	EndGlobalSection
EndGlobal
